
Microsoft Visual Studio Solution File, Format Version 12.00
# Visual Studio Version 17
VisualStudioVersion = 17.7.34031.279
MinimumVisualStudioVersion = 10.0.40219.1
Project("{FAE04EC0-301F-11D3-BF4B-00C04F79EFBC}") = "Task 03", "Task 03.csproj", "{4AE94E7C-574E-45AB-99C1-2D8B8296A09E}"
EndProject
Global
	GlobalSection(SolutionConfigurationPlatforms) = preSolution
		Debug|Any CPU = Debug|Any CPU
		Release|Any CPU = Release|Any CPU
	EndGlobalSection
	GlobalSection(ProjectConfigurationPlatforms) = postSolution
		{4AE94E7C-574E-45AB-99C1-2D8B8296A09E}.Debug|Any CPU.ActiveCfg = Debug|Any CPU
		{4AE94E7C-574E-45AB-99C1-2D8B8296A09E}.Debug|Any CPU.Build.0 = Debug|Any CPU
		{4AE94E7C-574E-45AB-99C1-2D8B8296A09E}.Release|Any CPU.ActiveCfg = Release|Any CPU
		{4AE94E7C-574E-45AB-99C1-2D8B8296A09E}.Release|Any CPU.Build.0 = Release|Any CPU
	EndGlobalSection
	GlobalSection(SolutionProperties) = preSolution
		HideSolutionNode = FALSE
	EndGlobalSection
	GlobalSection(ExtensibilityGlobals) = postSolution
		SolutionGuid = {AE620C18-2EAD-4114-AAF9-21AEC3655697}
	EndGlobalSection
EndGlobal
